
Microsoft Visual Studio Solution File, Format Version 12.00
# Visual Studio Version 17
VisualStudioVersion = 17.0.32112.339
MinimumVisualStudioVersion = 10.0.40219.1
Project("{FAE04EC0-301F-11D3-BF4B-00C04F79EFBC}") = "Mashimport_03_22", "Mashimport_03_22\Mashimport_03_22.csproj", "{AADC19EC-BDDA-4FD9-9F90-30C57DF576E0}"
EndProject
Global
	GlobalSection(SolutionConfigurationPlatforms) = preSolution
		Debug|Any CPU = Debug|Any CPU
		Release|Any CPU = Release|Any CPU
	EndGlobalSection
	GlobalSection(ProjectConfigurationPlatforms) = postSolution
		{AADC19EC-BDDA-4FD9-9F90-30C57DF576E0}.Debug|Any CPU.ActiveCfg = Debug|Any CPU
		{AADC19EC-BDDA-4FD9-9F90-30C57DF576E0}.Debug|Any CPU.Build.0 = Debug|Any CPU
		{AADC19EC-BDDA-4FD9-9F90-30C57DF576E0}.Release|Any CPU.ActiveCfg = Release|Any CPU
		{AADC19EC-BDDA-4FD9-9F90-30C57DF576E0}.Release|Any CPU.Build.0 = Release|Any CPU
	EndGlobalSection
	GlobalSection(SolutionProperties) = preSolution
		HideSolutionNode = FALSE
	EndGlobalSection
	GlobalSection(ExtensibilityGlobals) = postSolution
		SolutionGuid = {AF7D4B72-2945-43DE-81C8-BA2EF1145F21}
	EndGlobalSection
EndGlobal
